
Microsoft Visual Studio Solution File, Format Version 12.00
# Visual Studio 15
VisualStudioVersion = 15.0.27703.2000
MinimumVisualStudioVersion = 10.0.40219.1
Project("{FAE04EC0-301F-11D3-BF4B-00C04F79EFBC}") = "PushSharpDemo", "PushSharpDemo\PushSharpDemo.csproj", "{882DDBD1-CFDC-4214-8625-FF6449B9B408}"
EndProject
Global
	GlobalSection(SolutionConfigurationPlatforms) = preSolution
		Debug|Any CPU = Debug|Any CPU
		Release|Any CPU = Release|Any CPU
	EndGlobalSection
	GlobalSection(ProjectConfigurationPlatforms) = postSolution
		{882DDBD1-CFDC-4214-8625-FF6449B9B408}.Debug|Any CPU.ActiveCfg = Debug|Any CPU
		{882DDBD1-CFDC-4214-8625-FF6449B9B408}.Debug|Any CPU.Build.0 = Debug|Any CPU
		{882DDBD1-CFDC-4214-8625-FF6449B9B408}.Release|Any CPU.ActiveCfg = Release|Any CPU
		{882DDBD1-CFDC-4214-8625-FF6449B9B408}.Release|Any CPU.Build.0 = Release|Any CPU
	EndGlobalSection
	GlobalSection(SolutionProperties) = preSolution
		HideSolutionNode = FALSE
	EndGlobalSection
	GlobalSection(ExtensibilityGlobals) = postSolution
		SolutionGuid = {4738A48A-7405-4B3C-917C-01A0DA821722}
	EndGlobalSection
EndGlobal
